
Microsoft Visual Studio Solution File, Format Version 12.00
# Visual Studio Version 17
VisualStudioVersion = 17.14.36623.8 d17.14
MinimumVisualStudioVersion = 10.0.40219.1
Project("{FAE04EC0-301F-11D3-BF4B-00C04F79EFBC}") = "лаба 5", "лаба 5\лаба 5.csproj", "{ED143762-5674-4F62-AF00-0D6575E36D9C}"
EndProject
Global
	GlobalSection(SolutionConfigurationPlatforms) = preSolution
		Debug|Any CPU = Debug|Any CPU
		Release|Any CPU = Release|Any CPU
	EndGlobalSection
	GlobalSection(ProjectConfigurationPlatforms) = postSolution
		{ED143762-5674-4F62-AF00-0D6575E36D9C}.Debug|Any CPU.ActiveCfg = Debug|Any CPU
		{ED143762-5674-4F62-AF00-0D6575E36D9C}.Debug|Any CPU.Build.0 = Debug|Any CPU
		{ED143762-5674-4F62-AF00-0D6575E36D9C}.Release|Any CPU.ActiveCfg = Release|Any CPU
		{ED143762-5674-4F62-AF00-0D6575E36D9C}.Release|Any CPU.Build.0 = Release|Any CPU
	EndGlobalSection
	GlobalSection(SolutionProperties) = preSolution
		HideSolutionNode = FALSE
	EndGlobalSection
	GlobalSection(ExtensibilityGlobals) = postSolution
		SolutionGuid = {CD622BD8-D02D-475F-8D9A-18BA8B57D798}
	EndGlobalSection
EndGlobal
